// !$*UTF8*$!
{
	archiveVersion = 1;
	classes = {
	};
	objectVersion = 46;
	objects = {

/* Begin PBXBuildFile section */
		1EE40A2A1BA262060035912B /* main.m in Sources */ = {isa = PBXBuildFile; fileRef = 1EE40A291BA262060035912B /* main.m */; };
		1EE40A2D1BA262060035912B /* AppDelegate.m in Sources */ = {isa = PBXBuildFile; fileRef = 1EE40A2C1BA262060035912B /* AppDelegate.m */; };
		1EE40A301BA262060035912B /* ViewController.m in Sources */ = {isa = PBXBuildFile; fileRef = 1EE40A2F1BA262060035912B /* ViewController.m */; };
		1EE40A331BA262060035912B /* Main.storyboard in Resources */ = {isa = PBXBuildFile; fileRef = 1EE40A311BA262060035912B /* Main.storyboard */; };
		1EE40A351BA262060035912B /* Images.xcassets in Resources */ = {isa = PBXBuildFile; fileRef = 1EE40A341BA262060035912B /* Images.xcassets */; };
		1EE40A381BA262060035912B /* LaunchScreen.xib in Resources */ = {isa = PBXBuildFile; fileRef = 1EE40A361BA262060035912B /* LaunchScreen.xib */; };
		1EE40A441BA262060035912B /* TableViewTests.m in Sources */ = {isa = PBXBuildFile; fileRef = 1EE40A431BA262060035912B /* TableViewTests.m */; };
/* End PBXBuildFile section */

/* Begin PBXContainerItemProxy section */
		1EE40A3E1BA262060035912B /* PBXContainerItemProxy */ = {
			isa = PBXContainerItemProxy;
			containerPortal = 1EE40A1C1BA262060035912B /* Project object */;
			proxyType = 1;
			remoteGlobalIDString = 1EE40A231BA262060035912B;
			remoteInfo = TableView;
		};
/* End PBXContainerItemProxy section */

/* Begin PBXFileReference section */
		1EE40A241BA262060035912B /* TableView.app */ = {isa = PBXFileReference; explicitFileType = wrapper.application; includeInIndex = 0; path = TableView.app; sourceTree = BUILT_PRODUCTS_DIR; };
		1EE40A281BA262060035912B /* Info.plist */ = {isa = PBXFileReference; lastKnownFileType = text.plist.xml; path = Info.plist; sourceTree = "<group>"; };
		1EE40A291BA262060035912B /* main.m */ = {isa = PBXFileReference; lastKnownFileType = sourcecode.c.objc; path = main.m; sourceTree = "<group>"; };
		1EE40A2B1BA262060035912B /* AppDelegate.h */ = {isa = PBXFileReference; lastKnownFileType = sourcecode.c.h; path = AppDelegate.h; sourceTree = "<group>"; };
		1EE40A2C1BA262060035912B /* AppDelegate.m */ = {isa = PBXFileReference; lastKnownFileType = sourcecode.c.objc; path = AppDelegate.m; sourceTree = "<group>"; };
		1EE40A2E1BA262060035912B /* ViewController.h */ = {isa = PBXFileReference; lastKnownFileType = sourcecode.c.h; path = ViewController.h; sourceTree = "<group>"; };
		1EE40A2F1BA262060035912B /* ViewController.m */ = {isa = PBXFileReference; lastKnownFileType = sourcecode.c.objc; path = ViewController.m; sourceTree = "<group>"; };
		1EE40A321BA262060035912B /* Base */ = {isa = PBXFileReference; lastKnownFileType = file.storyboard; name = Base; path = Base.lproj/Main.storyboard; sourceTree = "<group>"; };
		1EE40A341BA262060035912B /* Images.xcassets */ = {isa = PBXFileReference; lastKnownFileType = folder.assetcatalog; path = Images.xcassets; sourceTree = "<group>"; };
		1EE40A371BA262060035912B /* Base */ = {isa = PBXFileReference; lastKnownFileType = file.xib; name = Base; path = Base.lproj/LaunchScreen.xib; sourceTree = "<group>"; };
		1EE40A3D1BA262060035912B /* TableViewTests.xctest */ = {isa = PBXFileReference; explicitFileType = wrapper.cfbundle; includeInIndex = 0; path = TableViewTests.xctest; sourceTree = BUILT_PRODUCTS_DIR; };
		1EE40A421BA262060035912B /* Info.plist */ = {isa = PBXFileReference; lastKnownFileType = text.plist.xml; path = Info.plist; sourceTree = "<group>"; };
		1EE40A431BA262060035912B /* TableViewTests.m */ = {isa = PBXFileReference; lastKnownFileType = sourcecode.c.objc; path = TableViewTests.m; sourceTree = "<group>"; };
/* End PBXFileReference section */

/* Begin PBXFrameworksBuildPhase section */
		1EE40A211BA262060035912B /* Frameworks */ = {
			isa = PBXFrameworksBuildPhase;
			buildActionMask = 2147483647;
			files = (
			);
			runOnlyForDeploymentPostprocessing = 0;
		};
		1EE40A3A1BA262060035912B /* Frameworks */ = {
			isa = PBXFrameworksBuildPhase;
			buildActionMask = 2147483647;
			files = (
			);
			runOnlyForDeploymentPostprocessing = 0;
		};
/* End PBXFrameworksBuildPhase section */

/* Begin PBXGroup section */
		1EE40A1B1BA262060035912B = {
			isa = PBXGroup;
			children = (
				1EE40A261BA262060035912B /* TableView */,
				1EE40A401BA262060035912B /* TableViewTests */,
				1EE40A251BA262060035912B /* Products */,
			);
			sourceTree = "<group>";
		};
		1EE40A251BA262060035912B /* Products */ = {
			isa = PBXGroup;
			children = (
				1EE40A241BA262060035912B /* TableView.app */,
				1EE40A3D1BA262060035912B /* TableViewTests.xctest */,
			);
			name = Products;
			sourceTree = "<group>";
		};
		1EE40A261BA262060035912B /* TableView */ = {
			isa = PBXGroup;
			children = (
				1EE40A2B1BA262060035912B /* AppDelegate.h */,
				1EE40A2C1BA262060035912B /* AppDelegate.m */,
				1EE40A2E1BA262060035912B /* ViewController.h */,
				1EE40A2F1BA262060035912B /* ViewController.m */,
				1EE40A311BA262060035912B /* Main.storyboard */,
				1EE40A341BA262060035912B /* Images.xcassets */,
				1EE40A361BA262060035912B /* LaunchScreen.xib */,
				1EE40A271BA262060035912B /* Supporting Files */,
			);
			path = TableView;
			sourceTree = "<group>";
		};
		1EE40A271BA262060035912B /* Supporting Files */ = {
			isa = PBXGroup;
			children = (
				1EE40A281BA262060035912B /* Info.plist */,
				1EE40A291BA262060035912B /* main.m */,
			);
			name = "Supporting Files";
			sourceTree = "<group>";
		};
		1EE40A401BA262060035912B /* TableViewTests */ = {
			isa = PBXGroup;
			children = (
				1EE40A431BA262060035912B /* TableViewTests.m */,
				1EE40A411BA262060035912B /* Supporting Files */,
			);
			path = TableViewTests;
			sourceTree = "<group>";
		};
		1EE40A411BA262060035912B /* Supporting Files */ = {
			isa = PBXGroup;
			children = (
				1EE40A421BA262060035912B /* Info.plist */,
			);
			name = "Supporting Files";
			sourceTree = "<group>";
		};
/* End PBXGroup section */

/* Begin PBXNativeTarget section */
		1EE40A231BA262060035912B /* TableView */ = {
			isa = PBXNativeTarget;
			buildConfigurationList = 1EE40A471BA262060035912B /* Build configuration list for PBXNativeTarget "TableView" */;
			buildPhases = (
				1EE40A201BA262060035912B /* Sources */,
				1EE40A211BA262060035912B /* Frameworks */,
				1EE40A221BA262060035912B /* Resources */,
			);
			buildRules = (
			);
			dependencies = (
			);
			name = TableView;
			productName = TableView;
			productReference = 1EE40A241BA262060035912B /* TableView.app */;
			productType = "com.apple.product-type.application";
		};
		1EE40A3C1BA262060035912B /* TableViewTests */ = {
			isa = PBXNativeTarget;
			buildConfigurationList = 1EE40A4A1BA262060035912B /* Build configuration list for PBXNativeTarget "TableViewTests" */;
			buildPhases = (
				1EE40A391BA262060035912B /* Sources */,
				1EE40A3A1BA262060035912B /* Frameworks */,
				1EE40A3B1BA262060035912B /* Resources */,
			);
			buildRules = (
			);
			dependencies = (
				1EE40A3F1BA262060035912B /* PBXTargetDependency */,
			);
			name = TableViewTests;
			productName = TableViewTests;
			productReference = 1EE40A3D1BA262060035912B /* TableViewTests.xctest */;
			productType = "com.apple.product-type.bundle.unit-test";
		};
/* End PBXNativeTarget section */

/* Begin PBXProject section */
		1EE40A1C1BA262060035912B /* Project object */ = {
			isa = PBXProject;
			attributes = {
				LastUpgradeCheck = 0640;
				ORGANIZATIONNAME = UI2;
				TargetAttributes = {
					1EE40A231BA262060035912B = {
						CreatedOnToolsVersion = 6.4;
					};
					1EE40A3C1BA262060035912B = {
						CreatedOnToolsVersion = 6.4;
						TestTargetID = 1EE40A231BA262060035912B;
					};
				};
			};
			buildConfigurationList = 1EE40A1F1BA262060035912B /* Build configuration list for PBXProject "TableView" */;
			compatibilityVersion = "Xcode 3.2";
			developmentRegion = English;
			hasScannedForEncodings = 0;
			knownRegions = (
				en,
				Base,
			);
			mainGroup = 1EE40A1B1BA262060035912B;
			productRefGroup = 1EE40A251BA262060035912B /* Products */;
			projectDirPath = "";
			projectRoot = "";
			targets = (
				1EE40A231BA262060035912B /* TableView */,
				1EE40A3C1BA262060035912B /* TableViewTests */,
			);
		};
/* End PBXProject section */

/* Begin PBXResourcesBuildPhase section */
		1EE40A221BA262060035912B /* Resources */ = {
			isa = PBXResourcesBuildPhase;
			buildActionMask = 2147483647;
			files = (
				1EE40A331BA262060035912B /* Main.storyboard in Resources */,
				1EE40A381BA262060035912B /* LaunchScreen.xib in Resources */,
				1EE40A351BA262060035912B /* Images.xcassets in Resources */,
			);
			runOnlyForDeploymentPostprocessing = 0;
		};
		1EE40A3B1BA262060035912B /* Resources */ = {
			isa = PBXResourcesBuildPhase;
			buildActionMask = 2147483647;
			files = (
			);
			runOnlyForDeploymentPostprocessing = 0;
		};
/* End PBXResourcesBuildPhase section */

/* Begin PBXSourcesBuildPhase section */
		1EE40A201BA262060035912B /* Sources */ = {
			isa = PBXSourcesBuildPhase;
			buildActionMask = 2147483647;
			files = (
				1EE40A301BA262060035912B /* ViewController.m in Sources */,
				1EE40A2D1BA262060035912B /* AppDelegate.m in Sources */,
				1EE40A2A1BA262060035912B /* main.m in Sources */,
			);
			runOnlyForDeploymentPostprocessing = 0;
		};
		1EE40A391BA262060035912B /* Sources */ = {
			isa = PBXSourcesBuildPhase;
			buildActionMask = 2147483647;
			files = (
				1EE40A441BA262060035912B /* TableViewTests.m in Sources */,
			);
			runOnlyForDeploymentPostprocessing = 0;
		};
/* End PBXSourcesBuildPhase section */

/* Begin PBXTargetDependency section */
		1EE40A3F1BA262060035912B /* PBXTargetDependency */ = {
			isa = PBXTargetDependency;
			target = 1EE40A231BA262060035912B /* TableView */;
			targetProxy = 1EE40A3E1BA262060035912B /* PBXContainerItemProxy */;
		};
/* End PBXTargetDependency section */

/* Begin PBXVariantGroup section */
		1EE40A311BA262060035912B /* Main.storyboard */ = {
			isa = PBXVariantGroup;
			children = (
				1EE40A321BA262060035912B /* Base */,
			);
			name = Main.storyboard;
			sourceTree = "<group>";
		};
		1EE40A361BA262060035912B /* LaunchScreen.xib */ = {
			isa = PBXVariantGroup;
			children = (
				1EE40A371BA262060035912B /* Base */,
			);
			name = LaunchScreen.xib;
			sourceTree = "<group>";
		};
/* End PBXVariantGroup section */

/* Begin XCBuildConfiguration section */
		1EE40A451BA262060035912B /* Debug */ = {
			isa = XCBuildConfiguration;
			buildSettings = {
				ALWAYS_SEARCH_USER_PATHS = NO;
				CLANG_CXX_LANGUAGE_STANDARD = "gnu++0x";
				CLANG_CXX_LIBRARY = "libc++";
				CLANG_ENABLE_MODULES = YES;
				CLANG_ENABLE_OBJC_ARC = YES;
				CLANG_WARN_BOOL_CONVERSION = YES;
				CLANG_WARN_CONSTANT_CONVERSION = YES;
				CLANG_WARN_DIRECT_OBJC_ISA_USAGE = YES_ERROR;
				CLANG_WARN_EMPTY_BODY = YES;
				CLANG_WARN_ENUM_CONVERSION = YES;
				CLANG_WARN_INT_CONVERSION = YES;
				CLANG_WARN_OBJC_ROOT_CLASS = YES_ERROR;
				CLANG_WARN_UNREACHABLE_CODE = YES;
				CLANG_WARN__DUPLICATE_METHOD_MATCH = YES;
				"CODE_SIGN_IDENTITY[sdk=iphoneos*]" = "iPhone Developer";
				COPY_PHASE_STRIP = NO;
				DEBUG_INFORMATION_FORMAT = "dwarf-with-dsym";
				ENABLE_STRICT_OBJC_MSGSEND = YES;
				GCC_C_LANGUAGE_STANDARD = gnu99;
				GCC_DYNAMIC_NO_PIC = NO;
				GCC_NO_COMMON_BLOCKS = YES;
				GCC_OPTIMIZATION_LEVEL = 0;
				GCC_PREPROCESSOR_DEFINITIONS = (
					"DEBUG=1",
					"$(inherited)",
				);
				GCC_SYMBOLS_PRIVATE_EXTERN = NO;
				GCC_WARN_64_TO_32_BIT_CONVERSION = YES;
				GCC_WARN_ABOUT_RETURN_TYPE = YES_ERROR;
				GCC_WARN_UNDECLARED_SELECTOR = YES;
				GCC_WARN_UNINITIALIZED_AUTOS = YES_AGGRESSIVE;
				GCC_WARN_UNUSED_FUNCTION = YES;
				GCC_WARN_UNUSED_VARIABLE = YES;
				IPHONEOS_DEPLOYMENT_TARGET = 8.4;
				MTL_ENABLE_DEBUG_INFO = YES;
				ONLY_ACTIVE_ARCH = YES;
				SDKROOT = iphoneos;
				TARGETED_DEVICE_FAMILY = "1,2";
			};
			name = Debug;
		};
		1EE40A461BA262060035912B /* Release */ = {
			isa = XCBuildConfiguration;
			buildSettings = {
				ALWAYS_SEARCH_USER_PATHS = NO;
				CLANG_CXX_LANGUAGE_STANDARD = "gnu++0x";
				CLANG_CXX_LIBRARY = "libc++";
				CLANG_ENABLE_MODULES = YES;
				CLANG_ENABLE_OBJC_ARC = YES;
				CLANG_WARN_BOOL_CONVERSION = YES;
				CLANG_WARN_CONSTANT_CONVERSION = YES;
				CLANG_WARN_DIRECT_OBJC_ISA_USAGE = YES_ERROR;
				CLANG_WARN_EMPTY_BODY = YES;
				CLANG_WARN_ENUM_CONVERSION = YES;
				CLANG_WARN_INT_CONVERSION = YES;
				CLANG_WARN_OBJC_ROOT_CLASS = YES_ERROR;
				CLANG_WARN_UNREACHABLE_CODE = YES;
				CLANG_WARN__DUPLICATE_METHOD_MATCH = YES;
				"CODE_SIGN_IDENTITY[sdk=iphoneos*]" = "iPhone Developer";
				COPY_PHASE_STRIP = NO;
				DEBUG_INFORMATION_FORMAT = "dwarf-with-dsym";
				ENABLE_NS_ASSERTIONS = NO;
				ENABLE_STRICT_OBJC_MSGSEND = YES;
				GCC_C_LANGUAGE_STANDARD = gnu99;
				GCC_NO_COMMON_BLOCKS = YES;
				GCC_WARN_64_TO_32_BIT_CONVERSION = YES;
				GCC_WARN_ABOUT_RETURN_TYPE = YES_ERROR;
				GCC_WARN_UNDECLARED_SELECTOR = YES;
				GCC_WARN_UNINITIALIZED_AUTOS = YES_AGGRESSIVE;
				GCC_WARN_UNUSED_FUNCTION = YES;
				GCC_WARN_UNUSED_VARIABLE = YES;
				IPHONEOS_DEPLOYMENT_TARGET = 8.4;
				MTL_ENABLE_DEBUG_INFO = NO;
				SDKROOT = iphoneos;
				TARGETED_DEVICE_FAMILY = "1,2";
				VALIDATE_PRODUCT = YES;
			};
			name = Release;
		};
		1EE40A481BA262060035912B /* Debug */ = {
			isa = XCBuildConfiguration;
			buildSettings = {
				ASSETCATALOG_COMPILER_APPICON_NAME = AppIcon;
				INFOPLIST_FILE = TableView/Info.plist;
				LD_RUNPATH_SEARCH_PATHS = "$(inherited) @executable_path/Frameworks";
				PRODUCT_NAME = "$(TARGET_NAME)";
			};
			name = Debug;
		};
		1EE40A491BA262060035912B /* Release */ = {
			isa = XCBuildConfiguration;
			buildSettings = {
				ASSETCATALOG_COMPILER_APPICON_NAME = AppIcon;
				INFOPLIST_FILE = TableView/Info.plist;
				LD_RUNPATH_SEARCH_PATHS = "$(inherited) @executable_path/Frameworks";
				PRODUCT_NAME = "$(TARGET_NAME)";
			};
			name = Release;
		};
		1EE40A4B1BA262060035912B /* Debug */ = {
			isa = XCBuildConfiguration;
			buildSettings = {
				BUNDLE_LOADER = "$(TEST_HOST)";
				FRAMEWORK_SEARCH_PATHS = (
					"$(SDKROOT)/Developer/Library/Frameworks",
					"$(inherited)",
				);
				GCC_PREPROCESSOR_DEFINITIONS = (
					"DEBUG=1",
					"$(inherited)",
				);
				INFOPLIST_FILE = TableViewTests/Info.plist;
				LD_RUNPATH_SEARCH_PATHS = "$(inherited) @executable_path/Frameworks @loader_path/Frameworks";
				PRODUCT_NAME = "$(TARGET_NAME)";
				TEST_HOST = "$(BUILT_PRODUCTS_DIR)/TableView.app/TableView";
			};
			name = Debug;
		};
		1EE40A4C1BA262060035912B /* Release */ = {
			isa = XCBuildConfiguration;
			buildSettings = {
				BUNDLE_LOADER = "$(TEST_HOST)";
				FRAMEWORK_SEARCH_PATHS = (
					"$(SDKROOT)/Developer/Library/Frameworks",
					"$(inherited)",
				);
				INFOPLIST_FILE = TableViewTests/Info.plist;
				LD_RUNPATH_SEARCH_PATHS = "$(inherited) @executable_path/Frameworks @loader_path/Frameworks";
				PRODUCT_NAME = "$(TARGET_NAME)";
				TEST_HOST = "$(BUILT_PRODUCTS_DIR)/TableView.app/TableView";
			};
			name = Release;
		};
/* End XCBuildConfiguration section */

/* Begin XCConfigurationList section */
		1EE40A1F1BA262060035912B /* Build configuration list for PBXProject "TableView" */ = {
			isa = XCConfigurationList;
			buildConfigurations = (
				1EE40A451BA262060035912B /* Debug */,
				1EE40A461BA262060035912B /* Release */,
			);
			defaultConfigurationIsVisible = 0;
			defaultConfigurationName = Release;
		};
		1EE40A471BA262060035912B /* Build configuration list for PBXNativeTarget "TableView" */ = {
			isa = XCConfigurationList;
			buildConfigurations = (
				1EE40A481BA262060035912B /* Debug */,
				1EE40A491BA262060035912B /* Release */,
			);
			defaultConfigurationIsVisible = 0;
		};
		1EE40A4A1BA262060035912B /* Build configuration list for PBXNativeTarget "TableViewTests" */ = {
			isa = XCConfigurationList;
			buildConfigurations = (
				1EE40A4B1BA262060035912B /* Debug */,
				1EE40A4C1BA262060035912B /* Release */,
			);
			defaultConfigurationIsVisible = 0;
		};
/* End XCConfigurationList section */
	};
	rootObject = 1EE40A1C1BA262060035912B /* Project object */;
}
